Microsoft Visual Studio Solution File, Format Version 11.00
# Visual Studio 2010
Project("{83C52F21-D915-4D93-A107-1A9C4048979B}") = "moxane", ".dub/moxane.visualdproj", "{1133A3E8-E4D2-4C42-94AF-714C2D54383D}"
EndProject
Project("{83C52F21-D915-4D93-A107-1A9C4048979B}") = "colorize", ".dub/colorize.visualdproj", "{ACF62D4B-7EA9-4DBA-B49C-6D8527174369}"
EndProject
Project("{83C52F21-D915-4D93-A107-1A9C4048979B}") = "d-cimgui", ".dub/d-cimgui.visualdproj", "{696804F4-D106-4624-A69D-C24B37C86BA0}"
EndProject
Project("{83C52F21-D915-4D93-A107-1A9C4048979B}") = "derelict-util", ".dub/derelict-util.visualdproj", "{2318D55A-71D5-41E2-ADB7-B23A375F497E}"
EndProject
Project("{83C52F21-D915-4D93-A107-1A9C4048979B}") = "derelict-enet", ".dub/derelict-enet.visualdproj", "{6C7F0940-06C8-454D-B26B-40FCEDB87E0F}"
EndProject
Project("{83C52F21-D915-4D93-A107-1A9C4048979B}") = "derelict-fi", ".dub/derelict-fi.visualdproj", "{17885DBE-20EC-4702-B83F-ACE73F84DA8C}"
EndProject
Project("{83C52F21-D915-4D93-A107-1A9C4048979B}") = "derelict-ft", ".dub/derelict-ft.visualdproj", "{42919865-ABC4-4B6B-BF5E-221FD78091A9}"
EndProject
Project("{83C52F21-D915-4D93-A107-1A9C4048979B}") = "derelict-gl3", ".dub/derelict-gl3.visualdproj", "{BA5B51A8-22CB-4AF2-8A45-554BE167DAC2}"
EndProject
Project("{83C52F21-D915-4D93-A107-1A9C4048979B}") = "derelict-glfw3", ".dub/derelict-glfw3.visualdproj", "{0596AF26-8668-40E9-B375-FE199AE2604D}"
EndProject
Project("{83C52F21-D915-4D93-A107-1A9C4048979B}") = "dlib", ".dub/dlib.visualdproj", "{8EF6BF42-464C-4437-96AB-95D256AF7324}"
EndProject
Project("{83C52F21-D915-4D93-A107-1A9C4048979B}") = "emsi_containers", ".dub/emsi_containers.visualdproj", "{064A6871-4AFD-4B3D-A3E9-F9007DE44BA8}"
EndProject
Project("{83C52F21-D915-4D93-A107-1A9C4048979B}") = "stdx-allocator", ".dub/stdx-allocator.visualdproj", "{F1A91AFD-D477-4661-83CA-C80F85E634E2}"
EndProject
Project("{83C52F21-D915-4D93-A107-1A9C4048979B}") = "resusage", ".dub/resusage.visualdproj", "{74EB7E6B-7BC8-40F0-A988-43D99CA6F126}"
EndProject
Global
	GlobalSection(SolutionConfigurationPlatforms) = preSolution
		debug|x64 = debug|x64
	EndGlobalSection
	GlobalSection(ProjectConfigurationPlatforms) = postSolution
		{1133A3E8-E4D2-4C42-94AF-714C2D54383D}.debug|x64.ActiveCfg = debug|x64
		{1133A3E8-E4D2-4C42-94AF-714C2D54383D}.debug|x64.Build.0 = debug|x64
		{8EF6BF42-464C-4437-96AB-95D256AF7324}.debug|x64.ActiveCfg = debug|x64
		{8EF6BF42-464C-4437-96AB-95D256AF7324}.debug|x64.Build.0 = debug|x64
		{74EB7E6B-7BC8-40F0-A988-43D99CA6F126}.debug|x64.ActiveCfg = debug|x64
		{74EB7E6B-7BC8-40F0-A988-43D99CA6F126}.debug|x64.Build.0 = debug|x64
		{ACF62D4B-7EA9-4DBA-B49C-6D8527174369}.debug|x64.ActiveCfg = debug|x64
		{ACF62D4B-7EA9-4DBA-B49C-6D8527174369}.debug|x64.Build.0 = debug|x64
		{064A6871-4AFD-4B3D-A3E9-F9007DE44BA8}.debug|x64.ActiveCfg = debug|x64
		{064A6871-4AFD-4B3D-A3E9-F9007DE44BA8}.debug|x64.Build.0 = debug|x64
		{BA5B51A8-22CB-4AF2-8A45-554BE167DAC2}.debug|x64.ActiveCfg = debug|x64
		{BA5B51A8-22CB-4AF2-8A45-554BE167DAC2}.debug|x64.Build.0 = debug|x64
		{696804F4-D106-4624-A69D-C24B37C86BA0}.debug|x64.ActiveCfg = debug|x64
		{696804F4-D106-4624-A69D-C24B37C86BA0}.debug|x64.Build.0 = debug|x64
		{F1A91AFD-D477-4661-83CA-C80F85E634E2}.debug|x64.ActiveCfg = debug|x64
		{F1A91AFD-D477-4661-83CA-C80F85E634E2}.debug|x64.Build.0 = debug|x64
		{42919865-ABC4-4B6B-BF5E-221FD78091A9}.debug|x64.ActiveCfg = debug|x64
		{42919865-ABC4-4B6B-BF5E-221FD78091A9}.debug|x64.Build.0 = debug|x64
		{0596AF26-8668-40E9-B375-FE199AE2604D}.debug|x64.ActiveCfg = debug|x64
		{0596AF26-8668-40E9-B375-FE199AE2604D}.debug|x64.Build.0 = debug|x64
		{2318D55A-71D5-41E2-ADB7-B23A375F497E}.debug|x64.ActiveCfg = debug|x64
		{2318D55A-71D5-41E2-ADB7-B23A375F497E}.debug|x64.Build.0 = debug|x64
		{17885DBE-20EC-4702-B83F-ACE73F84DA8C}.debug|x64.ActiveCfg = debug|x64
		{17885DBE-20EC-4702-B83F-ACE73F84DA8C}.debug|x64.Build.0 = debug|x64
		{6C7F0940-06C8-454D-B26B-40FCEDB87E0F}.debug|x64.ActiveCfg = debug|x64
		{6C7F0940-06C8-454D-B26B-40FCEDB87E0F}.debug|x64.Build.0 = debug|x64
	EndGlobalSection
	GlobalSection(SolutionProperties) = preSolution
		HideSolutionNode = FALSE
	EndGlobalSection
EndGlobal
