Microsoft Visual Studio Solution File, Format Version 11.00
# Visual Studio 2010
Project("{A9C90622-87C9-4CE9-8447-96719F39F005}") = "moxane", ".dub/moxane.visualdproj", "{46A516B0-A93E-4EB9-A364-EA2C3F5388A0}"
EndProject
Project("{A9C90622-87C9-4CE9-8447-96719F39F005}") = "colorize", ".dub/colorize.visualdproj", "{4878D3AB-2CE4-4294-BADA-A565283CC0CC}"
EndProject
Project("{A9C90622-87C9-4CE9-8447-96719F39F005}") = "derelict-enet", ".dub/derelict-enet.visualdproj", "{731967B3-4EAA-42CC-8868-CB59F758D2A0}"
EndProject
Project("{A9C90622-87C9-4CE9-8447-96719F39F005}") = "derelict-util", ".dub/derelict-util.visualdproj", "{C28819E3-8812-49B3-A5D0-576F1C27AE41}"
EndProject
Project("{A9C90622-87C9-4CE9-8447-96719F39F005}") = "derelict-fi", ".dub/derelict-fi.visualdproj", "{5E8DC728-B6F5-4253-AB2B-7C794750630E}"
EndProject
Project("{A9C90622-87C9-4CE9-8447-96719F39F005}") = "derelict-ft", ".dub/derelict-ft.visualdproj", "{1F12608A-7DBD-4C16-9CEB-E44480C6795D}"
EndProject
Project("{A9C90622-87C9-4CE9-8447-96719F39F005}") = "derelict-gl3", ".dub/derelict-gl3.visualdproj", "{A3394017-5581-46E2-B0D2-F66106E7EB5D}"
EndProject
Project("{A9C90622-87C9-4CE9-8447-96719F39F005}") = "derelict-glfw3", ".dub/derelict-glfw3.visualdproj", "{5E2666AF-F0CB-4AF0-9C0D-FF2A13BB4629}"
EndProject
Project("{A9C90622-87C9-4CE9-8447-96719F39F005}") = "dlib", ".dub/dlib.visualdproj", "{0043926F-FF26-4F30-8CDD-105D6E8DC6C0}"
EndProject
Project("{A9C90622-87C9-4CE9-8447-96719F39F005}") = "emsi_containers", ".dub/emsi_containers.visualdproj", "{88FF6ABE-D6A1-48F7-AF99-511BF83C697D}"
EndProject
Project("{A9C90622-87C9-4CE9-8447-96719F39F005}") = "stdx-allocator", ".dub/stdx-allocator.visualdproj", "{72427E62-E19D-4498-B35D-C308BA46B02B}"
EndProject
Project("{A9C90622-87C9-4CE9-8447-96719F39F005}") = "resusage", ".dub/resusage.visualdproj", "{C5CF14AC-61DC-4C72-AD03-AF0C02B87B69}"
EndProject
Global
	GlobalSection(SolutionConfigurationPlatforms) = preSolution
		debug|x64 = debug|x64
	EndGlobalSection
	GlobalSection(ProjectConfigurationPlatforms) = postSolution
		{46A516B0-A93E-4EB9-A364-EA2C3F5388A0}.debug|x64.ActiveCfg = debug|x64
		{46A516B0-A93E-4EB9-A364-EA2C3F5388A0}.debug|x64.Build.0 = debug|x64
		{0043926F-FF26-4F30-8CDD-105D6E8DC6C0}.debug|x64.ActiveCfg = debug|x64
		{0043926F-FF26-4F30-8CDD-105D6E8DC6C0}.debug|x64.Build.0 = debug|x64
		{C5CF14AC-61DC-4C72-AD03-AF0C02B87B69}.debug|x64.ActiveCfg = debug|x64
		{C5CF14AC-61DC-4C72-AD03-AF0C02B87B69}.debug|x64.Build.0 = debug|x64
		{4878D3AB-2CE4-4294-BADA-A565283CC0CC}.debug|x64.ActiveCfg = debug|x64
		{4878D3AB-2CE4-4294-BADA-A565283CC0CC}.debug|x64.Build.0 = debug|x64
		{88FF6ABE-D6A1-48F7-AF99-511BF83C697D}.debug|x64.ActiveCfg = debug|x64
		{88FF6ABE-D6A1-48F7-AF99-511BF83C697D}.debug|x64.Build.0 = debug|x64
		{A3394017-5581-46E2-B0D2-F66106E7EB5D}.debug|x64.ActiveCfg = debug|x64
		{A3394017-5581-46E2-B0D2-F66106E7EB5D}.debug|x64.Build.0 = debug|x64
		{72427E62-E19D-4498-B35D-C308BA46B02B}.debug|x64.ActiveCfg = debug|x64
		{72427E62-E19D-4498-B35D-C308BA46B02B}.debug|x64.Build.0 = debug|x64
		{1F12608A-7DBD-4C16-9CEB-E44480C6795D}.debug|x64.ActiveCfg = debug|x64
		{1F12608A-7DBD-4C16-9CEB-E44480C6795D}.debug|x64.Build.0 = debug|x64
		{5E2666AF-F0CB-4AF0-9C0D-FF2A13BB4629}.debug|x64.ActiveCfg = debug|x64
		{5E2666AF-F0CB-4AF0-9C0D-FF2A13BB4629}.debug|x64.Build.0 = debug|x64
		{C28819E3-8812-49B3-A5D0-576F1C27AE41}.debug|x64.ActiveCfg = debug|x64
		{C28819E3-8812-49B3-A5D0-576F1C27AE41}.debug|x64.Build.0 = debug|x64
		{5E8DC728-B6F5-4253-AB2B-7C794750630E}.debug|x64.ActiveCfg = debug|x64
		{5E8DC728-B6F5-4253-AB2B-7C794750630E}.debug|x64.Build.0 = debug|x64
		{731967B3-4EAA-42CC-8868-CB59F758D2A0}.debug|x64.ActiveCfg = debug|x64
		{731967B3-4EAA-42CC-8868-CB59F758D2A0}.debug|x64.Build.0 = debug|x64
	EndGlobalSection
	GlobalSection(SolutionProperties) = preSolution
		HideSolutionNode = FALSE
	EndGlobalSection
EndGlobal
