Microsoft Visual Studio Solution File, Format Version 11.00
# Visual Studio 2010
Project("{24904D75-A3C4-46DF-8E0B-82D59EC37ACA}") = "unittest", ".dub/unittest.visualdproj", "{55EE71AE-3514-41E5-9DB7-290730D14A91}"
	ProjectSection(ProjectDependencies) = postProject
		{31FB0A88-A42E-42B6-9A5E-EA45B3020A88} = {31FB0A88-A42E-42B6-9A5E-EA45B3020A88}
		{8CA870E8-B95E-418F-8F5D-EFFB89D8FB00} = {8CA870E8-B95E-418F-8F5D-EFFB89D8FB00}
		{0A02303F-8A9B-4FA5-8037-05EC820CA362} = {0A02303F-8A9B-4FA5-8037-05EC820CA362}
		{B2C9F192-9050-4262-AA6A-C196A9DCC73B} = {B2C9F192-9050-4262-AA6A-C196A9DCC73B}
		{EEB96009-8FA8-49BF-9D1D-8AD6EA229DEC} = {EEB96009-8FA8-49BF-9D1D-8AD6EA229DEC}
		{3EE4E409-45F5-4256-B2B5-278B9171F749} = {3EE4E409-45F5-4256-B2B5-278B9171F749}
		{0D061A04-20B6-464E-9650-ABAD5ABAA8FE} = {0D061A04-20B6-464E-9650-ABAD5ABAA8FE}
		{F2F9BCF6-77B6-4F86-8DB7-7D05A5C2F888} = {F2F9BCF6-77B6-4F86-8DB7-7D05A5C2F888}
		{F2F9BCF6-77B6-4F86-8DB7-7D05A5C2F888} = {F2F9BCF6-77B6-4F86-8DB7-7D05A5C2F888}
		{F76DE24F-F5B9-4FB1-8F6C-004A4979BEA6} = {F76DE24F-F5B9-4FB1-8F6C-004A4979BEA6}
		{FEE00DDA-0D92-471C-B19C-6F1EAEBCA8CC} = {FEE00DDA-0D92-471C-B19C-6F1EAEBCA8CC}
		{6B8A9B09-D09E-49F8-9356-A07450007CC6} = {6B8A9B09-D09E-49F8-9356-A07450007CC6}
		{6ACDD297-9615-43B0-9F35-63A64C6AC544} = {6ACDD297-9615-43B0-9F35-63A64C6AC544}
		{6ACDD297-9615-43B0-9F35-63A64C6AC544} = {6ACDD297-9615-43B0-9F35-63A64C6AC544}
	EndProjectSection
EndProject
Project("{24904D75-A3C4-46DF-8E0B-82D59EC37ACA}") = "colorize", ".dub/colorize.visualdproj", "{8CA870E8-B95E-418F-8F5D-EFFB89D8FB00}"
EndProject
Project("{24904D75-A3C4-46DF-8E0B-82D59EC37ACA}") = "derelict-enet", ".dub/derelict-enet.visualdproj", "{0A02303F-8A9B-4FA5-8037-05EC820CA362}"
EndProject
Project("{24904D75-A3C4-46DF-8E0B-82D59EC37ACA}") = "derelict-util", ".dub/derelict-util.visualdproj", "{F2F9BCF6-77B6-4F86-8DB7-7D05A5C2F888}"
EndProject
Project("{24904D75-A3C4-46DF-8E0B-82D59EC37ACA}") = "derelict-fi", ".dub/derelict-fi.visualdproj", "{B2C9F192-9050-4262-AA6A-C196A9DCC73B}"
EndProject
Project("{24904D75-A3C4-46DF-8E0B-82D59EC37ACA}") = "derelict-ft", ".dub/derelict-ft.visualdproj", "{EEB96009-8FA8-49BF-9D1D-8AD6EA229DEC}"
EndProject
Project("{24904D75-A3C4-46DF-8E0B-82D59EC37ACA}") = "derelict-gl3", ".dub/derelict-gl3.visualdproj", "{3EE4E409-45F5-4256-B2B5-278B9171F749}"
EndProject
Project("{24904D75-A3C4-46DF-8E0B-82D59EC37ACA}") = "derelict-glfw3", ".dub/derelict-glfw3.visualdproj", "{0D061A04-20B6-464E-9650-ABAD5ABAA8FE}"
EndProject
Project("{24904D75-A3C4-46DF-8E0B-82D59EC37ACA}") = "dlib", ".dub/dlib.visualdproj", "{F76DE24F-F5B9-4FB1-8F6C-004A4979BEA6}"
EndProject
Project("{24904D75-A3C4-46DF-8E0B-82D59EC37ACA}") = "emsi_containers", ".dub/emsi_containers.visualdproj", "{FEE00DDA-0D92-471C-B19C-6F1EAEBCA8CC}"
EndProject
Project("{24904D75-A3C4-46DF-8E0B-82D59EC37ACA}") = "stdx-allocator", ".dub/stdx-allocator.visualdproj", "{6B8A9B09-D09E-49F8-9356-A07450007CC6}"
EndProject
Project("{24904D75-A3C4-46DF-8E0B-82D59EC37ACA}") = "moxane", ".dub/moxane.visualdproj", "{31FB0A88-A42E-42B6-9A5E-EA45B3020A88}"
EndProject
Project("{24904D75-A3C4-46DF-8E0B-82D59EC37ACA}") = "resusage", ".dub/resusage.visualdproj", "{6ACDD297-9615-43B0-9F35-63A64C6AC544}"
EndProject
Global
	GlobalSection(SolutionConfigurationPlatforms) = preSolution
		debug|x64 = debug|x64
	EndGlobalSection
	GlobalSection(ProjectConfigurationPlatforms) = postSolution
		{6B8A9B09-D09E-49F8-9356-A07450007CC6}.debug|x64.ActiveCfg = debug|x64
		{6B8A9B09-D09E-49F8-9356-A07450007CC6}.debug|x64.Build.0 = debug|x64
		{31FB0A88-A42E-42B6-9A5E-EA45B3020A88}.debug|x64.ActiveCfg = debug|x64
		{31FB0A88-A42E-42B6-9A5E-EA45B3020A88}.debug|x64.Build.0 = debug|x64
		{F2F9BCF6-77B6-4F86-8DB7-7D05A5C2F888}.debug|x64.ActiveCfg = debug|x64
		{F2F9BCF6-77B6-4F86-8DB7-7D05A5C2F888}.debug|x64.Build.0 = debug|x64
		{3EE4E409-45F5-4256-B2B5-278B9171F749}.debug|x64.ActiveCfg = debug|x64
		{3EE4E409-45F5-4256-B2B5-278B9171F749}.debug|x64.Build.0 = debug|x64
		{EEB96009-8FA8-49BF-9D1D-8AD6EA229DEC}.debug|x64.ActiveCfg = debug|x64
		{EEB96009-8FA8-49BF-9D1D-8AD6EA229DEC}.debug|x64.Build.0 = debug|x64
		{6ACDD297-9615-43B0-9F35-63A64C6AC544}.debug|x64.ActiveCfg = debug|x64
		{6ACDD297-9615-43B0-9F35-63A64C6AC544}.debug|x64.Build.0 = debug|x64
		{FEE00DDA-0D92-471C-B19C-6F1EAEBCA8CC}.debug|x64.ActiveCfg = debug|x64
		{FEE00DDA-0D92-471C-B19C-6F1EAEBCA8CC}.debug|x64.Build.0 = debug|x64
		{F76DE24F-F5B9-4FB1-8F6C-004A4979BEA6}.debug|x64.ActiveCfg = debug|x64
		{F76DE24F-F5B9-4FB1-8F6C-004A4979BEA6}.debug|x64.Build.0 = debug|x64
		{55EE71AE-3514-41E5-9DB7-290730D14A91}.debug|x64.ActiveCfg = debug|x64
		{55EE71AE-3514-41E5-9DB7-290730D14A91}.debug|x64.Build.0 = debug|x64
		{0A02303F-8A9B-4FA5-8037-05EC820CA362}.debug|x64.ActiveCfg = debug|x64
		{0A02303F-8A9B-4FA5-8037-05EC820CA362}.debug|x64.Build.0 = debug|x64
		{B2C9F192-9050-4262-AA6A-C196A9DCC73B}.debug|x64.ActiveCfg = debug|x64
		{B2C9F192-9050-4262-AA6A-C196A9DCC73B}.debug|x64.Build.0 = debug|x64
		{0D061A04-20B6-464E-9650-ABAD5ABAA8FE}.debug|x64.ActiveCfg = debug|x64
		{0D061A04-20B6-464E-9650-ABAD5ABAA8FE}.debug|x64.Build.0 = debug|x64
		{8CA870E8-B95E-418F-8F5D-EFFB89D8FB00}.debug|x64.ActiveCfg = debug|x64
		{8CA870E8-B95E-418F-8F5D-EFFB89D8FB00}.debug|x64.Build.0 = debug|x64
	EndGlobalSection
	GlobalSection(SolutionProperties) = preSolution
		HideSolutionNode = FALSE
	EndGlobalSection
EndGlobal
