Microsoft Visual Studio Solution File, Format Version 11.00
# Visual Studio 2010
Project("{D5C10198-CFAD-4F6B-AD35-28B5AAF8B2BE}") = "unittest", ".dub/unittest.visualdproj", "{48F196E7-F49C-46CD-9EDE-DD7B15AD990A}"
	ProjectSection(ProjectDependencies) = postProject
		{980D7A1A-0238-4CFE-948E-95978A79BA90} = {980D7A1A-0238-4CFE-948E-95978A79BA90}
		{D1AECEB1-4E7B-454C-949E-3AA4E30752AD} = {D1AECEB1-4E7B-454C-949E-3AA4E30752AD}
		{FC4BAEEB-9F6E-4F4A-84D9-EF141CE56526} = {FC4BAEEB-9F6E-4F4A-84D9-EF141CE56526}
		{C05E97CA-C571-4183-95FB-9CC54BC8D72A} = {C05E97CA-C571-4183-95FB-9CC54BC8D72A}
		{23E523CA-713C-4670-8110-077EB8B3F7E0} = {23E523CA-713C-4670-8110-077EB8B3F7E0}
		{88D4AEDF-92DC-4198-8181-E43A18F77AD9} = {88D4AEDF-92DC-4198-8181-E43A18F77AD9}
		{1F460B2E-73C3-439C-90B7-87B632F0627F} = {1F460B2E-73C3-439C-90B7-87B632F0627F}
		{E41A727E-7C1F-4C53-8B25-79C3B61EE391} = {E41A727E-7C1F-4C53-8B25-79C3B61EE391}
		{6A926608-A489-478B-BF3D-AF5C98984FD2} = {6A926608-A489-478B-BF3D-AF5C98984FD2}
		{FFB2C0A8-4EA6-4AD4-AA0C-FD75CAA8CD41} = {FFB2C0A8-4EA6-4AD4-AA0C-FD75CAA8CD41}
		{4EEFC82C-BFAA-4668-B967-C89E5490C459} = {4EEFC82C-BFAA-4668-B967-C89E5490C459}
		{4EEFC82C-BFAA-4668-B967-C89E5490C459} = {4EEFC82C-BFAA-4668-B967-C89E5490C459}
		{9B64F11D-0C8D-4DF3-B51D-722F7D05B9ED} = {9B64F11D-0C8D-4DF3-B51D-722F7D05B9ED}
		{1C494312-84ED-4DC4-B432-AA385E6A3B44} = {1C494312-84ED-4DC4-B432-AA385E6A3B44}
		{B8A050F6-4513-4F67-A80A-CB4417DE821E} = {B8A050F6-4513-4F67-A80A-CB4417DE821E}
		{23287C72-CEAE-486F-961F-133385434CB1} = {23287C72-CEAE-486F-961F-133385434CB1}
		{23287C72-CEAE-486F-961F-133385434CB1} = {23287C72-CEAE-486F-961F-133385434CB1}
	EndProjectSection
EndProject
Project("{D5C10198-CFAD-4F6B-AD35-28B5AAF8B2BE}") = "colorize", ".dub/colorize.visualdproj", "{C05E97CA-C571-4183-95FB-9CC54BC8D72A}"
EndProject
Project("{D5C10198-CFAD-4F6B-AD35-28B5AAF8B2BE}") = "derelict-enet", ".dub/derelict-enet.visualdproj", "{88D4AEDF-92DC-4198-8181-E43A18F77AD9}"
EndProject
Project("{D5C10198-CFAD-4F6B-AD35-28B5AAF8B2BE}") = "derelict-util", ".dub/derelict-util.visualdproj", "{4EEFC82C-BFAA-4668-B967-C89E5490C459}"
EndProject
Project("{D5C10198-CFAD-4F6B-AD35-28B5AAF8B2BE}") = "derelict-fi", ".dub/derelict-fi.visualdproj", "{1F460B2E-73C3-439C-90B7-87B632F0627F}"
EndProject
Project("{D5C10198-CFAD-4F6B-AD35-28B5AAF8B2BE}") = "derelict-ft", ".dub/derelict-ft.visualdproj", "{E41A727E-7C1F-4C53-8B25-79C3B61EE391}"
EndProject
Project("{D5C10198-CFAD-4F6B-AD35-28B5AAF8B2BE}") = "derelict-gl3", ".dub/derelict-gl3.visualdproj", "{6A926608-A489-478B-BF3D-AF5C98984FD2}"
EndProject
Project("{D5C10198-CFAD-4F6B-AD35-28B5AAF8B2BE}") = "derelict-glfw3", ".dub/derelict-glfw3.visualdproj", "{FFB2C0A8-4EA6-4AD4-AA0C-FD75CAA8CD41}"
EndProject
Project("{D5C10198-CFAD-4F6B-AD35-28B5AAF8B2BE}") = "dlib", ".dub/dlib.visualdproj", "{9B64F11D-0C8D-4DF3-B51D-722F7D05B9ED}"
EndProject
Project("{D5C10198-CFAD-4F6B-AD35-28B5AAF8B2BE}") = "emsi_containers", ".dub/emsi_containers.visualdproj", "{1C494312-84ED-4DC4-B432-AA385E6A3B44}"
EndProject
Project("{D5C10198-CFAD-4F6B-AD35-28B5AAF8B2BE}") = "stdx-allocator", ".dub/stdx-allocator.visualdproj", "{B8A050F6-4513-4F67-A80A-CB4417DE821E}"
EndProject
Project("{D5C10198-CFAD-4F6B-AD35-28B5AAF8B2BE}") = "moxane", ".dub/moxane.visualdproj", "{980D7A1A-0238-4CFE-948E-95978A79BA90}"
EndProject
Project("{D5C10198-CFAD-4F6B-AD35-28B5AAF8B2BE}") = "cerealed", ".dub/cerealed.visualdproj", "{D1AECEB1-4E7B-454C-949E-3AA4E30752AD}"
EndProject
Project("{D5C10198-CFAD-4F6B-AD35-28B5AAF8B2BE}") = "concepts", ".dub/concepts.visualdproj", "{FC4BAEEB-9F6E-4F4A-84D9-EF141CE56526}"
EndProject
Project("{D5C10198-CFAD-4F6B-AD35-28B5AAF8B2BE}") = "d-cimgui", ".dub/d-cimgui.visualdproj", "{23E523CA-713C-4670-8110-077EB8B3F7E0}"
EndProject
Project("{D5C10198-CFAD-4F6B-AD35-28B5AAF8B2BE}") = "resusage", ".dub/resusage.visualdproj", "{23287C72-CEAE-486F-961F-133385434CB1}"
EndProject
Global
	GlobalSection(SolutionConfigurationPlatforms) = preSolution
		debug|x64 = debug|x64
	EndGlobalSection
	GlobalSection(ProjectConfigurationPlatforms) = postSolution
		{980D7A1A-0238-4CFE-948E-95978A79BA90}.debug|x64.ActiveCfg = debug|x64
		{980D7A1A-0238-4CFE-948E-95978A79BA90}.debug|x64.Build.0 = debug|x64
		{9B64F11D-0C8D-4DF3-B51D-722F7D05B9ED}.debug|x64.ActiveCfg = debug|x64
		{9B64F11D-0C8D-4DF3-B51D-722F7D05B9ED}.debug|x64.Build.0 = debug|x64
		{23287C72-CEAE-486F-961F-133385434CB1}.debug|x64.ActiveCfg = debug|x64
		{23287C72-CEAE-486F-961F-133385434CB1}.debug|x64.Build.0 = debug|x64
		{C05E97CA-C571-4183-95FB-9CC54BC8D72A}.debug|x64.ActiveCfg = debug|x64
		{C05E97CA-C571-4183-95FB-9CC54BC8D72A}.debug|x64.Build.0 = debug|x64
		{1C494312-84ED-4DC4-B432-AA385E6A3B44}.debug|x64.ActiveCfg = debug|x64
		{1C494312-84ED-4DC4-B432-AA385E6A3B44}.debug|x64.Build.0 = debug|x64
		{6A926608-A489-478B-BF3D-AF5C98984FD2}.debug|x64.ActiveCfg = debug|x64
		{6A926608-A489-478B-BF3D-AF5C98984FD2}.debug|x64.Build.0 = debug|x64
		{23E523CA-713C-4670-8110-077EB8B3F7E0}.debug|x64.ActiveCfg = debug|x64
		{23E523CA-713C-4670-8110-077EB8B3F7E0}.debug|x64.Build.0 = debug|x64
		{FC4BAEEB-9F6E-4F4A-84D9-EF141CE56526}.debug|x64.ActiveCfg = debug|x64
		{FC4BAEEB-9F6E-4F4A-84D9-EF141CE56526}.debug|x64.Build.0 = debug|x64
		{B8A050F6-4513-4F67-A80A-CB4417DE821E}.debug|x64.ActiveCfg = debug|x64
		{B8A050F6-4513-4F67-A80A-CB4417DE821E}.debug|x64.Build.0 = debug|x64
		{E41A727E-7C1F-4C53-8B25-79C3B61EE391}.debug|x64.ActiveCfg = debug|x64
		{E41A727E-7C1F-4C53-8B25-79C3B61EE391}.debug|x64.Build.0 = debug|x64
		{FFB2C0A8-4EA6-4AD4-AA0C-FD75CAA8CD41}.debug|x64.ActiveCfg = debug|x64
		{FFB2C0A8-4EA6-4AD4-AA0C-FD75CAA8CD41}.debug|x64.Build.0 = debug|x64
		{48F196E7-F49C-46CD-9EDE-DD7B15AD990A}.debug|x64.ActiveCfg = debug|x64
		{48F196E7-F49C-46CD-9EDE-DD7B15AD990A}.debug|x64.Build.0 = debug|x64
		{4EEFC82C-BFAA-4668-B967-C89E5490C459}.debug|x64.ActiveCfg = debug|x64
		{4EEFC82C-BFAA-4668-B967-C89E5490C459}.debug|x64.Build.0 = debug|x64
		{1F460B2E-73C3-439C-90B7-87B632F0627F}.debug|x64.ActiveCfg = debug|x64
		{1F460B2E-73C3-439C-90B7-87B632F0627F}.debug|x64.Build.0 = debug|x64
		{88D4AEDF-92DC-4198-8181-E43A18F77AD9}.debug|x64.ActiveCfg = debug|x64
		{88D4AEDF-92DC-4198-8181-E43A18F77AD9}.debug|x64.Build.0 = debug|x64
		{D1AECEB1-4E7B-454C-949E-3AA4E30752AD}.debug|x64.ActiveCfg = debug|x64
		{D1AECEB1-4E7B-454C-949E-3AA4E30752AD}.debug|x64.Build.0 = debug|x64
	EndGlobalSection
	GlobalSection(SolutionProperties) = preSolution
		HideSolutionNode = FALSE
	EndGlobalSection
EndGlobal
