Microsoft Visual Studio Solution File, Format Version 11.00
# Visual Studio 2010
Project("{167393C3-4871-4DAC-88EB-8895A3564877}") = "unittest", ".dub/unittest.visualdproj", "{3F623B4A-5FCD-43E2-909B-2231BF79FFCD}"
	ProjectSection(ProjectDependencies) = postProject
		{4E31B22D-5DEF-40B2-8352-C3CFFA45A122} = {4E31B22D-5DEF-40B2-8352-C3CFFA45A122}
		{6C626200-94DE-4E0E-87BB-4EA5B4E8754B} = {6C626200-94DE-4E0E-87BB-4EA5B4E8754B}
		{1500560C-8F03-4827-B550-70ADAED96B67} = {1500560C-8F03-4827-B550-70ADAED96B67}
		{3A9B6165-4910-4EDD-9B9E-B4E9ABCE59F4} = {3A9B6165-4910-4EDD-9B9E-B4E9ABCE59F4}
		{94FBB17A-1D3F-490D-8C66-8DBEAB7F57D0} = {94FBB17A-1D3F-490D-8C66-8DBEAB7F57D0}
		{09CEBFC6-28DC-4EF0-9AD1-8D1DE6476126} = {09CEBFC6-28DC-4EF0-9AD1-8D1DE6476126}
		{B99BADCB-187D-4FCF-9DC7-84C4D4A0BE72} = {B99BADCB-187D-4FCF-9DC7-84C4D4A0BE72}
		{70A1D2FB-8759-4850-B733-AE434DD4B5C5} = {70A1D2FB-8759-4850-B733-AE434DD4B5C5}
		{3A0EFC49-C068-40F6-BA74-75584BD077B6} = {3A0EFC49-C068-40F6-BA74-75584BD077B6}
		{457F7C22-22E7-4A22-96FC-833C702CAA80} = {457F7C22-22E7-4A22-96FC-833C702CAA80}
		{CFDEB846-1EDA-484B-9C66-A152991672AA} = {CFDEB846-1EDA-484B-9C66-A152991672AA}
		{CFDEB846-1EDA-484B-9C66-A152991672AA} = {CFDEB846-1EDA-484B-9C66-A152991672AA}
		{6442C853-EDB0-4454-94D5-377E5631D4ED} = {6442C853-EDB0-4454-94D5-377E5631D4ED}
		{7AD31ED0-6367-45F1-A1A9-57E165E128AB} = {7AD31ED0-6367-45F1-A1A9-57E165E128AB}
		{44CA8D49-73F2-4EED-8518-9F11E2D2B203} = {44CA8D49-73F2-4EED-8518-9F11E2D2B203}
		{165AADD3-A651-4520-91B8-102D7D63CD2D} = {165AADD3-A651-4520-91B8-102D7D63CD2D}
		{165AADD3-A651-4520-91B8-102D7D63CD2D} = {165AADD3-A651-4520-91B8-102D7D63CD2D}
	EndProjectSection
EndProject
Project("{167393C3-4871-4DAC-88EB-8895A3564877}") = "colorize", ".dub/colorize.visualdproj", "{3A9B6165-4910-4EDD-9B9E-B4E9ABCE59F4}"
EndProject
Project("{167393C3-4871-4DAC-88EB-8895A3564877}") = "derelict-enet", ".dub/derelict-enet.visualdproj", "{09CEBFC6-28DC-4EF0-9AD1-8D1DE6476126}"
EndProject
Project("{167393C3-4871-4DAC-88EB-8895A3564877}") = "derelict-util", ".dub/derelict-util.visualdproj", "{CFDEB846-1EDA-484B-9C66-A152991672AA}"
EndProject
Project("{167393C3-4871-4DAC-88EB-8895A3564877}") = "derelict-fi", ".dub/derelict-fi.visualdproj", "{B99BADCB-187D-4FCF-9DC7-84C4D4A0BE72}"
EndProject
Project("{167393C3-4871-4DAC-88EB-8895A3564877}") = "derelict-ft", ".dub/derelict-ft.visualdproj", "{70A1D2FB-8759-4850-B733-AE434DD4B5C5}"
EndProject
Project("{167393C3-4871-4DAC-88EB-8895A3564877}") = "derelict-gl3", ".dub/derelict-gl3.visualdproj", "{3A0EFC49-C068-40F6-BA74-75584BD077B6}"
EndProject
Project("{167393C3-4871-4DAC-88EB-8895A3564877}") = "derelict-glfw3", ".dub/derelict-glfw3.visualdproj", "{457F7C22-22E7-4A22-96FC-833C702CAA80}"
EndProject
Project("{167393C3-4871-4DAC-88EB-8895A3564877}") = "dlib", ".dub/dlib.visualdproj", "{6442C853-EDB0-4454-94D5-377E5631D4ED}"
EndProject
Project("{167393C3-4871-4DAC-88EB-8895A3564877}") = "emsi_containers", ".dub/emsi_containers.visualdproj", "{7AD31ED0-6367-45F1-A1A9-57E165E128AB}"
EndProject
Project("{167393C3-4871-4DAC-88EB-8895A3564877}") = "stdx-allocator", ".dub/stdx-allocator.visualdproj", "{44CA8D49-73F2-4EED-8518-9F11E2D2B203}"
EndProject
Project("{167393C3-4871-4DAC-88EB-8895A3564877}") = "moxane", ".dub/moxane.visualdproj", "{4E31B22D-5DEF-40B2-8352-C3CFFA45A122}"
EndProject
Project("{167393C3-4871-4DAC-88EB-8895A3564877}") = "cerealed", ".dub/cerealed.visualdproj", "{6C626200-94DE-4E0E-87BB-4EA5B4E8754B}"
EndProject
Project("{167393C3-4871-4DAC-88EB-8895A3564877}") = "concepts", ".dub/concepts.visualdproj", "{1500560C-8F03-4827-B550-70ADAED96B67}"
EndProject
Project("{167393C3-4871-4DAC-88EB-8895A3564877}") = "d-cimgui", ".dub/d-cimgui.visualdproj", "{94FBB17A-1D3F-490D-8C66-8DBEAB7F57D0}"
EndProject
Project("{167393C3-4871-4DAC-88EB-8895A3564877}") = "resusage", ".dub/resusage.visualdproj", "{165AADD3-A651-4520-91B8-102D7D63CD2D}"
EndProject
Global
	GlobalSection(SolutionConfigurationPlatforms) = preSolution
		debug|x64 = debug|x64
	EndGlobalSection
	GlobalSection(ProjectConfigurationPlatforms) = postSolution
		{44CA8D49-73F2-4EED-8518-9F11E2D2B203}.debug|x64.ActiveCfg = debug|x64
		{44CA8D49-73F2-4EED-8518-9F11E2D2B203}.debug|x64.Build.0 = debug|x64
		{94FBB17A-1D3F-490D-8C66-8DBEAB7F57D0}.debug|x64.ActiveCfg = debug|x64
		{94FBB17A-1D3F-490D-8C66-8DBEAB7F57D0}.debug|x64.Build.0 = debug|x64
		{CFDEB846-1EDA-484B-9C66-A152991672AA}.debug|x64.ActiveCfg = debug|x64
		{CFDEB846-1EDA-484B-9C66-A152991672AA}.debug|x64.Build.0 = debug|x64
		{4E31B22D-5DEF-40B2-8352-C3CFFA45A122}.debug|x64.ActiveCfg = debug|x64
		{4E31B22D-5DEF-40B2-8352-C3CFFA45A122}.debug|x64.Build.0 = debug|x64
		{3A0EFC49-C068-40F6-BA74-75584BD077B6}.debug|x64.ActiveCfg = debug|x64
		{3A0EFC49-C068-40F6-BA74-75584BD077B6}.debug|x64.Build.0 = debug|x64
		{70A1D2FB-8759-4850-B733-AE434DD4B5C5}.debug|x64.ActiveCfg = debug|x64
		{70A1D2FB-8759-4850-B733-AE434DD4B5C5}.debug|x64.Build.0 = debug|x64
		{1500560C-8F03-4827-B550-70ADAED96B67}.debug|x64.ActiveCfg = debug|x64
		{1500560C-8F03-4827-B550-70ADAED96B67}.debug|x64.Build.0 = debug|x64
		{165AADD3-A651-4520-91B8-102D7D63CD2D}.debug|x64.ActiveCfg = debug|x64
		{165AADD3-A651-4520-91B8-102D7D63CD2D}.debug|x64.Build.0 = debug|x64
		{7AD31ED0-6367-45F1-A1A9-57E165E128AB}.debug|x64.ActiveCfg = debug|x64
		{7AD31ED0-6367-45F1-A1A9-57E165E128AB}.debug|x64.Build.0 = debug|x64
		{6442C853-EDB0-4454-94D5-377E5631D4ED}.debug|x64.ActiveCfg = debug|x64
		{6442C853-EDB0-4454-94D5-377E5631D4ED}.debug|x64.Build.0 = debug|x64
		{6C626200-94DE-4E0E-87BB-4EA5B4E8754B}.debug|x64.ActiveCfg = debug|x64
		{6C626200-94DE-4E0E-87BB-4EA5B4E8754B}.debug|x64.Build.0 = debug|x64
		{3F623B4A-5FCD-43E2-909B-2231BF79FFCD}.debug|x64.ActiveCfg = debug|x64
		{3F623B4A-5FCD-43E2-909B-2231BF79FFCD}.debug|x64.Build.0 = debug|x64
		{09CEBFC6-28DC-4EF0-9AD1-8D1DE6476126}.debug|x64.ActiveCfg = debug|x64
		{09CEBFC6-28DC-4EF0-9AD1-8D1DE6476126}.debug|x64.Build.0 = debug|x64
		{B99BADCB-187D-4FCF-9DC7-84C4D4A0BE72}.debug|x64.ActiveCfg = debug|x64
		{B99BADCB-187D-4FCF-9DC7-84C4D4A0BE72}.debug|x64.Build.0 = debug|x64
		{457F7C22-22E7-4A22-96FC-833C702CAA80}.debug|x64.ActiveCfg = debug|x64
		{457F7C22-22E7-4A22-96FC-833C702CAA80}.debug|x64.Build.0 = debug|x64
		{3A9B6165-4910-4EDD-9B9E-B4E9ABCE59F4}.debug|x64.ActiveCfg = debug|x64
		{3A9B6165-4910-4EDD-9B9E-B4E9ABCE59F4}.debug|x64.Build.0 = debug|x64
	EndGlobalSection
	GlobalSection(SolutionProperties) = preSolution
		HideSolutionNode = FALSE
	EndGlobalSection
EndGlobal
